
Microsoft Visual Studio Solution File, Format Version 12.00
# Visual Studio Version 17
VisualStudioVersion = 17.6.33815.320
MinimumVisualStudioVersion = 10.0.40219.1
Project("{FAE04EC0-301F-11D3-BF4B-00C04F79EFBC}") = "API", "API\API.csproj", "{B3F72C95-2D16-4D0B-B535-84BFD72D4EE1}"
EndProject
Project("{FAE04EC0-301F-11D3-BF4B-00C04F79EFBC}") = "Client", "Client\Client.csproj", "{D6CEE682-49AA-4BF5-B3FA-2C01482727E7}"
EndProject
Global
	GlobalSection(SolutionConfigurationPlatforms) = preSolution
		Debug|Any CPU = Debug|Any CPU
		Release|Any CPU = Release|Any CPU
	EndGlobalSection
	GlobalSection(ProjectConfigurationPlatforms) = postSolution
		{B3F72C95-2D16-4D0B-B535-84BFD72D4EE1}.Debug|Any CPU.ActiveCfg = Debug|Any CPU
		{B3F72C95-2D16-4D0B-B535-84BFD72D4EE1}.Debug|Any CPU.Build.0 = Debug|Any CPU
		{B3F72C95-2D16-4D0B-B535-84BFD72D4EE1}.Release|Any CPU.ActiveCfg = Release|Any CPU
		{B3F72C95-2D16-4D0B-B535-84BFD72D4EE1}.Release|Any CPU.Build.0 = Release|Any CPU
		{D6CEE682-49AA-4BF5-B3FA-2C01482727E7}.Debug|Any CPU.ActiveCfg = Debug|Any CPU
		{D6CEE682-49AA-4BF5-B3FA-2C01482727E7}.Debug|Any CPU.Build.0 = Debug|Any CPU
		{D6CEE682-49AA-4BF5-B3FA-2C01482727E7}.Release|Any CPU.ActiveCfg = Release|Any CPU
		{D6CEE682-49AA-4BF5-B3FA-2C01482727E7}.Release|Any CPU.Build.0 = Release|Any CPU
	EndGlobalSection
	GlobalSection(SolutionProperties) = preSolution
		HideSolutionNode = FALSE
	EndGlobalSection
	GlobalSection(ExtensibilityGlobals) = postSolution
		SolutionGuid = {66305909-D66E-4F00-B80A-324B81731C0C}
	EndGlobalSection
EndGlobal
